
Microsoft Visual Studio Solution File, Format Version 12.00
# Visual Studio Version 17
VisualStudioVersion = 17.3.32611.2
MinimumVisualStudioVersion = 10.0.40219.1
Project("{9A19103F-16F7-4668-BE54-9A1E7A4F7556}") = "AbpSolution1.Domain", "src\AbpSolution1.Domain\AbpSolution1.Domain.csproj", "{554AD327-6DBA-4F8F-96F8-81CE7A0C863F}"
EndProject
Project("{9A19103F-16F7-4668-BE54-9A1E7A4F7556}") = "Volo.Chat.TestBase", "modules\Volo.Chat\test\Volo.Chat.TestBase\Volo.Chat.TestBase.csproj", "{e8f91f36-2603-46c9-b32f-821e6d5f4dec}"
EndProject
Project("{9A19103F-16F7-4668-BE54-9A1E7A4F7556}") = "Volo.Chat.HttpApi.Client.ConsoleTestApp", "modules\Volo.Chat\test\Volo.Chat.HttpApi.Client.ConsoleTestApp\Volo.Chat.HttpApi.Client.ConsoleTestApp.csproj", "{9447acaf-7ec3-4342-a0c6-3d262a68cbcc}"
EndProject
Project("{9A19103F-16F7-4668-BE54-9A1E7A4F7556}") = "Volo.Chat.EntityFrameworkCore.Tests", "modules\Volo.Chat\test\Volo.Chat.EntityFrameworkCore.Tests\Volo.Chat.EntityFrameworkCore.Tests.csproj", "{8bae2fc0-b4f8-4145-a625-2ebb6de5d909}"
EndProject
Project("{9A19103F-16F7-4668-BE54-9A1E7A4F7556}") = "Volo.Chat.Domain.Tests", "modules\Volo.Chat\test\Volo.Chat.Domain.Tests\Volo.Chat.Domain.Tests.csproj", "{f17c8760-2b56-48c6-a347-38288fe0814c}"
EndProject
Project("{9A19103F-16F7-4668-BE54-9A1E7A4F7556}") = "Volo.Chat.Application.Tests", "modules\Volo.Chat\test\Volo.Chat.Application.Tests\Volo.Chat.Application.Tests.csproj", "{f36011c3-1948-4878-8b3a-54c5f29f9f1c}"
EndProject
Project("{9A19103F-16F7-4668-BE54-9A1E7A4F7556}") = "Volo.Chat.SignalR", "modules\Volo.Chat\src\Volo.Chat.SignalR\Volo.Chat.SignalR.csproj", "{fd7fc6f6-2cbd-4ae3-ad7e-08747fb18863}"
EndProject
Project("{9A19103F-16F7-4668-BE54-9A1E7A4F7556}") = "Volo.Chat.Installer", "modules\Volo.Chat\src\Volo.Chat.Installer\Volo.Chat.Installer.csproj", "{1478cfeb-6ef8-43e8-afa4-f81be363c33a}"
EndProject
Project("{9A19103F-16F7-4668-BE54-9A1E7A4F7556}") = "Volo.Chat.HttpApi.Client", "modules\Volo.Chat\src\Volo.Chat.HttpApi.Client\Volo.Chat.HttpApi.Client.csproj", "{1bc562ce-f69d-4032-95a8-a9ae7d549622}"
EndProject
Project("{9A19103F-16F7-4668-BE54-9A1E7A4F7556}") = "Volo.Chat.HttpApi", "modules\Volo.Chat\src\Volo.Chat.HttpApi\Volo.Chat.HttpApi.csproj", "{f690787b-8085-4ba4-8dbb-1b02dd0a3d6d}"
EndProject
Project("{9A19103F-16F7-4668-BE54-9A1E7A4F7556}") = "Volo.Chat.EntityFrameworkCore", "modules\Volo.Chat\src\Volo.Chat.EntityFrameworkCore\Volo.Chat.EntityFrameworkCore.csproj", "{b2bbc569-a2a8-4ec0-bf9e-f6bd57d68d4e}"
EndProject
Project("{9A19103F-16F7-4668-BE54-9A1E7A4F7556}") = "Volo.Chat.Domain.Shared", "modules\Volo.Chat\src\Volo.Chat.Domain.Shared\Volo.Chat.Domain.Shared.csproj", "{0f51957a-1f17-4583-95fd-b713b109e0bc}"
EndProject
Project("{9A19103F-16F7-4668-BE54-9A1E7A4F7556}") = "Volo.Chat.Domain", "modules\Volo.Chat\src\Volo.Chat.Domain\Volo.Chat.Domain.csproj", "{e60d8e5e-65dd-4885-9cad-860c8065f9a8}"
EndProject
Project("{9A19103F-16F7-4668-BE54-9A1E7A4F7556}") = "Volo.Chat.Blazor.WebAssembly.Bundling", "modules\Volo.Chat\src\Volo.Chat.Blazor.WebAssembly.Bundling\Volo.Chat.Blazor.WebAssembly.Bundling.csproj", "{e22e7a3e-3e08-43f3-a083-10de85dcb937}"
EndProject
Project("{9A19103F-16F7-4668-BE54-9A1E7A4F7556}") = "Volo.Chat.Blazor.MauiBlazor.Bundling", "modules\Volo.Chat\src\Volo.Chat.Blazor.MauiBlazor.Bundling\Volo.Chat.Blazor.MauiBlazor.Bundling.csproj", "{da07d1a9-f15a-4fbb-8622-ae58f85cb3f1}"
EndProject
Project("{9A19103F-16F7-4668-BE54-9A1E7A4F7556}") = "Volo.Chat.Blazor.MauiBlazor", "modules\Volo.Chat\src\Volo.Chat.Blazor.MauiBlazor\Volo.Chat.Blazor.MauiBlazor.csproj", "{75a359d2-49c7-45d0-bff0-ba9f9e799c3a}"
EndProject
Project("{9A19103F-16F7-4668-BE54-9A1E7A4F7556}") = "Volo.Chat.Application.Contracts", "modules\Volo.Chat\src\Volo.Chat.Application.Contracts\Volo.Chat.Application.Contracts.csproj", "{9eba5888-f8d8-4c85-8cfb-5562e6ebfdea}"
EndProject
Project("{9A19103F-16F7-4668-BE54-9A1E7A4F7556}") = "Volo.Chat.Application", "modules\Volo.Chat\src\Volo.Chat.Application\Volo.Chat.Application.csproj", "{c8b1273a-79ca-4725-8d77-0682af57a1f8}"
EndProject
Project("{2150E333-8FDC-42A3-9474-1A3956D46DE8}") = "Volo.Chat.Tests", "Volo.Chat.Tests", "{436c72c3-0318-4dd7-9563-8195bb323623}"
EndProject
Project("{2150E333-8FDC-42A3-9474-1A3956D46DE8}") = "Volo.Chat", "Volo.Chat", "{e762f3bd-195d-43f7-ae45-d89df8ce972f}"
EndProject
Project("{9A19103F-16F7-4668-BE54-9A1E7A4F7556}") = "Volo.Abp.AuditLogging.Application.Tests", "modules\Volo.AuditLogging.Ui\test\Volo.Abp.AuditLogging.Application.Tests\Volo.Abp.AuditLogging.Application.Tests.csproj", "{e1e00a9b-cec0-449d-b5dc-08fe65cc32aa}"
EndProject
Project("{9A19103F-16F7-4668-BE54-9A1E7A4F7556}") = "Volo.Abp.AuditLogging.Pro.Installer", "modules\Volo.AuditLogging.Ui\src\Volo.Abp.AuditLogging.Pro.Installer\Volo.Abp.AuditLogging.Pro.Installer.csproj", "{73b4763f-f470-4e97-9af7-ecb392a7ddcb}"
EndProject
Project("{9A19103F-16F7-4668-BE54-9A1E7A4F7556}") = "Volo.Abp.AuditLogging.HttpApi.Client", "modules\Volo.AuditLogging.Ui\src\Volo.Abp.AuditLogging.HttpApi.Client\Volo.Abp.AuditLogging.HttpApi.Client.csproj", "{13e70e4b-b8cd-41e7-b037-25b9e433cfb6}"
EndProject
Project("{9A19103F-16F7-4668-BE54-9A1E7A4F7556}") = "Volo.Abp.AuditLogging.HttpApi", "modules\Volo.AuditLogging.Ui\src\Volo.Abp.AuditLogging.HttpApi\Volo.Abp.AuditLogging.HttpApi.csproj", "{35ab9964-e8f1-4e58-a062-06f54247df27}"
EndProject
Project("{9A19103F-16F7-4668-BE54-9A1E7A4F7556}") = "Volo.Abp.AuditLogging.Blazor.WebAssembly.Bundling", "modules\Volo.AuditLogging.Ui\src\Volo.Abp.AuditLogging.Blazor.WebAssembly.Bundling\Volo.Abp.AuditLogging.Blazor.WebAssembly.Bundling.csproj", "{5dc65943-17a5-4fbe-aac2-409721b71187}"
EndProject
Project("{9A19103F-16F7-4668-BE54-9A1E7A4F7556}") = "Volo.Abp.AuditLogging.Blazor.MauiBlazor.Bundling", "modules\Volo.AuditLogging.Ui\src\Volo.Abp.AuditLogging.Blazor.MauiBlazor.Bundling\Volo.Abp.AuditLogging.Blazor.MauiBlazor.Bundling.csproj", "{357184c0-b171-4f97-ac01-8b4f05f3b8ad}"
EndProject
Project("{9A19103F-16F7-4668-BE54-9A1E7A4F7556}") = "Volo.Abp.AuditLogging.Application.Contracts", "modules\Volo.AuditLogging.Ui\src\Volo.Abp.AuditLogging.Application.Contracts\Volo.Abp.AuditLogging.Application.Contracts.csproj", "{0a576554-61ca-4dd9-a3b5-186e606326e2}"
EndProject
Project("{9A19103F-16F7-4668-BE54-9A1E7A4F7556}") = "Volo.Abp.AuditLogging.Application", "modules\Volo.AuditLogging.Ui\src\Volo.Abp.AuditLogging.Application\Volo.Abp.AuditLogging.Application.csproj", "{320b79ff-6772-4ae2-a2cd-1f0ea565c1cb}"
EndProject
Project("{2150E333-8FDC-42A3-9474-1A3956D46DE8}") = "Volo.AuditLogging.Ui.Tests", "Volo.AuditLogging.Ui.Tests", "{6993f8dc-9b8c-4240-9238-20a5e71cfe54}"
EndProject
Project("{2150E333-8FDC-42A3-9474-1A3956D46DE8}") = "Volo.AuditLogging.Ui", "Volo.AuditLogging.Ui", "{9b82a892-4f11-445a-9dc6-10a52728acf4}"
EndProject
Project("{9A19103F-16F7-4668-BE54-9A1E7A4F7556}") = "Volo.Abp.Account.Pro.Application.Tests", "modules\Volo.Account.Pro\test\Volo.Abp.Account.Pro.Application.Tests\Volo.Abp.Account.Pro.Application.Tests.csproj", "{e143d9fb-9677-45eb-8217-ba137d96d0ba}"
EndProject
Project("{9A19103F-16F7-4668-BE54-9A1E7A4F7556}") = "Volo.Abp.Account.Pro.Shared.Application.Contracts", "modules\Volo.Account.Pro\src\Volo.Abp.Account.Pro.Shared.Application.Contracts\Volo.Abp.Account.Pro.Shared.Application.Contracts.csproj", "{79fbd4cc-f8eb-4b21-9e25-0eed655a5911}"
EndProject
Project("{9A19103F-16F7-4668-BE54-9A1E7A4F7556}") = "Volo.Abp.Account.Pro.Shared.Application", "modules\Volo.Account.Pro\src\Volo.Abp.Account.Pro.Shared.Application\Volo.Abp.Account.Pro.Shared.Application.csproj", "{0b39fb3e-3979-4394-a202-ba293f260281}"
EndProject
Project("{9A19103F-16F7-4668-BE54-9A1E7A4F7556}") = "Volo.Abp.Account.Pro.Public.Web.Shared", "modules\Volo.Account.Pro\src\Volo.Abp.Account.Pro.Public.Web.Shared\Volo.Abp.Account.Pro.Public.Web.Shared.csproj", "{666b52a7-96aa-4d91-8b30-1593cca53e5b}"
EndProject
Project("{9A19103F-16F7-4668-BE54-9A1E7A4F7556}") = "Volo.Abp.Account.Pro.Public.Web.OpenIddict", "modules\Volo.Account.Pro\src\Volo.Abp.Account.Pro.Public.Web.OpenIddict\Volo.Abp.Account.Pro.Public.Web.OpenIddict.csproj", "{23584bd1-fd30-4acb-94f3-a0d2e4c1f15d}"
EndProject
Project("{9A19103F-16F7-4668-BE54-9A1E7A4F7556}") = "Volo.Abp.Account.Pro.Public.Web.Impersonation", "modules\Volo.Account.Pro\src\Volo.Abp.Account.Pro.Public.Web.Impersonation\Volo.Abp.Account.Pro.Public.Web.Impersonation.csproj", "{6117fbbd-4c4b-4997-9899-982af8dcdc84}"
EndProject
Project("{9A19103F-16F7-4668-BE54-9A1E7A4F7556}") = "Volo.Abp.Account.Pro.Public.Web.IdentityServer", "modules\Volo.Account.Pro\src\Volo.Abp.Account.Pro.Public.Web.IdentityServer\Volo.Abp.Account.Pro.Public.Web.IdentityServer.csproj", "{83094642-f265-4d27-9fdf-0e5ce7b9052b}"
EndProject
Project("{9A19103F-16F7-4668-BE54-9A1E7A4F7556}") = "Volo.Abp.Account.Pro.Public.Web", "modules\Volo.Account.Pro\src\Volo.Abp.Account.Pro.Public.Web\Volo.Abp.Account.Pro.Public.Web.csproj", "{c132d250-35e0-410c-9110-b383afa706a2}"
EndProject
Project("{9A19103F-16F7-4668-BE54-9A1E7A4F7556}") = "Volo.Abp.Account.Pro.Public.MauiBlazor", "modules\Volo.Account.Pro\src\Volo.Abp.Account.Pro.Public.MauiBlazor\Volo.Abp.Account.Pro.Public.MauiBlazor.csproj", "{83ba08fa-77c5-4ffe-8af2-f544aeff9103}"
EndProject
Project("{9A19103F-16F7-4668-BE54-9A1E7A4F7556}") = "Volo.Abp.Account.Pro.Public.HttpApi.Client", "modules\Volo.Account.Pro\src\Volo.Abp.Account.Pro.Public.HttpApi.Client\Volo.Abp.Account.Pro.Public.HttpApi.Client.csproj", "{94780abc-b41b-4ecc-97bd-a3c1315aad7e}"
EndProject
Project("{9A19103F-16F7-4668-BE54-9A1E7A4F7556}") = "Volo.Abp.Account.Pro.Public.HttpApi", "modules\Volo.Account.Pro\src\Volo.Abp.Account.Pro.Public.HttpApi\Volo.Abp.Account.Pro.Public.HttpApi.csproj", "{8e414ec8-3eb5-4a0b-ac8d-7d5373a8ebc0}"
EndProject
Project("{9A19103F-16F7-4668-BE54-9A1E7A4F7556}") = "Volo.Abp.Account.Pro.Public.Blazor.WebAssembly.Bundling", "modules\Volo.Account.Pro\src\Volo.Abp.Account.Pro.Public.Blazor.WebAssembly.Bundling\Volo.Abp.Account.Pro.Public.Blazor.WebAssembly.Bundling.csproj", "{100ef12c-b642-44f3-b6f1-ce2228f8216a}"
EndProject
Project("{9A19103F-16F7-4668-BE54-9A1E7A4F7556}") = "Volo.Abp.Account.Pro.Public.Blazor.WebAssembly", "modules\Volo.Account.Pro\src\Volo.Abp.Account.Pro.Public.Blazor.WebAssembly\Volo.Abp.Account.Pro.Public.Blazor.WebAssembly.csproj", "{052eed77-0262-4887-96bf-9a2c6a4d3be9}"
EndProject
Project("{9A19103F-16F7-4668-BE54-9A1E7A4F7556}") = "Volo.Abp.Account.Pro.Public.Blazor.Shared", "modules\Volo.Account.Pro\src\Volo.Abp.Account.Pro.Public.Blazor.Shared\Volo.Abp.Account.Pro.Public.Blazor.Shared.csproj", "{63937193-8af6-4fc4-b9c5-5c3fd8279731}"
EndProject
Project("{9A19103F-16F7-4668-BE54-9A1E7A4F7556}") = "Volo.Abp.Account.Pro.Public.Blazor.MauiBlazor.Bundling", "modules\Volo.Account.Pro\src\Volo.Abp.Account.Pro.Public.Blazor.MauiBlazor.Bundling\Volo.Abp.Account.Pro.Public.Blazor.MauiBlazor.Bundling.csproj", "{cd76e20e-8d27-4fb7-b9f0-9abee10ef0ce}"
EndProject
Project("{9A19103F-16F7-4668-BE54-9A1E7A4F7556}") = "Volo.Abp.Account.Pro.Public.Application.Contracts", "modules\Volo.Account.Pro\src\Volo.Abp.Account.Pro.Public.Application.Contracts\Volo.Abp.Account.Pro.Public.Application.Contracts.csproj", "{e434dd1f-9d12-4f4a-a37b-999bf81d6bb7}"
EndProject
Project("{9A19103F-16F7-4668-BE54-9A1E7A4F7556}") = "Volo.Abp.Account.Pro.Public.Application", "modules\Volo.Account.Pro\src\Volo.Abp.Account.Pro.Public.Application\Volo.Abp.Account.Pro.Public.Application.csproj", "{636ea2ee-fdc0-4175-a92b-f0264d41f333}"
EndProject
Project("{9A19103F-16F7-4668-BE54-9A1E7A4F7556}") = "Volo.Abp.Account.Pro.Installer", "modules\Volo.Account.Pro\src\Volo.Abp.Account.Pro.Installer\Volo.Abp.Account.Pro.Installer.csproj", "{a86ff9ec-d0ef-422e-a765-e0b9854d6b6b}"
EndProject
Project("{9A19103F-16F7-4668-BE54-9A1E7A4F7556}") = "Volo.Abp.Account.Pro.Admin.Web", "modules\Volo.Account.Pro\src\Volo.Abp.Account.Pro.Admin.Web\Volo.Abp.Account.Pro.Admin.Web.csproj", "{f0e0293c-8307-4528-8dab-c5bb87bdb94c}"
EndProject
Project("{9A19103F-16F7-4668-BE54-9A1E7A4F7556}") = "Volo.Abp.Account.Pro.Admin.HttpApi.Client", "modules\Volo.Account.Pro\src\Volo.Abp.Account.Pro.Admin.HttpApi.Client\Volo.Abp.Account.Pro.Admin.HttpApi.Client.csproj", "{ea1efbb5-8e97-4423-aaea-3bbb8d42a312}"
EndProject
Project("{9A19103F-16F7-4668-BE54-9A1E7A4F7556}") = "Volo.Abp.Account.Pro.Admin.HttpApi", "modules\Volo.Account.Pro\src\Volo.Abp.Account.Pro.Admin.HttpApi\Volo.Abp.Account.Pro.Admin.HttpApi.csproj", "{454ef4cd-2112-421a-9453-8acded6ee63a}"
EndProject
Project("{9A19103F-16F7-4668-BE54-9A1E7A4F7556}") = "Volo.Abp.Account.Pro.Admin.Application.Contracts", "modules\Volo.Account.Pro\src\Volo.Abp.Account.Pro.Admin.Application.Contracts\Volo.Abp.Account.Pro.Admin.Application.Contracts.csproj", "{b4b560eb-ce4e-4e42-8a12-4f380b0c2a27}"
EndProject
Project("{9A19103F-16F7-4668-BE54-9A1E7A4F7556}") = "Volo.Abp.Account.Pro.Admin.Application", "modules\Volo.Account.Pro\src\Volo.Abp.Account.Pro.Admin.Application\Volo.Abp.Account.Pro.Admin.Application.csproj", "{39cf93b7-162f-46d4-8d8c-f3ae3a525934}"
EndProject
Project("{2150E333-8FDC-42A3-9474-1A3956D46DE8}") = "Volo.Account.Pro.Tests", "Volo.Account.Pro.Tests", "{d0f739e3-2a2f-4268-ad66-bb8bdfc5b167}"
EndProject
Project("{2150E333-8FDC-42A3-9474-1A3956D46DE8}") = "Volo.Account.Pro", "Volo.Account.Pro", "{5441e976-d177-4a1c-998f-5d44e9358019}"
EndProject
Project("{2150E333-8FDC-42A3-9474-1A3956D46DE8}") = "modules", "modules", "{b89911da-9372-4b16-a456-dffdb361f26e}"
EndProject
Project("{9A19103F-16F7-4668-BE54-9A1E7A4F7556}") = "AbpSolution1.Application", "src\AbpSolution1.Application\AbpSolution1.Application.csproj", "{1A94A50E-06DC-43C1-80B5-B662820EC3EB}"
EndProject
Project("{9A19103F-16F7-4668-BE54-9A1E7A4F7556}") = "AbpSolution1.EntityFrameworkCore", "src\AbpSolution1.EntityFrameworkCore\AbpSolution1.EntityFrameworkCore.csproj", "{C956DD76-69C8-4A9C-83EA-D17DF83340FD}"
EndProject
Project("{2150E333-8FDC-42A3-9474-1A3956D46DE8}") = "src", "src", "{CA9AC87F-097E-4F15-8393-4BC07735A5B0}"
EndProject
Project("{2150E333-8FDC-42A3-9474-1A3956D46DE8}") = "test", "test", "{04DBDB01-70F4-4E06-B468-8F87850B22BE}"
EndProject
Project("{9A19103F-16F7-4668-BE54-9A1E7A4F7556}") = "AbpSolution1.Application.Tests", "test\AbpSolution1.Application.Tests\AbpSolution1.Application.Tests.csproj", "{50B2631D-129C-47B3-A587-029CCD6099BC}"
EndProject
Project("{9A19103F-16F7-4668-BE54-9A1E7A4F7556}") = "AbpSolution1.Domain.Shared", "src\AbpSolution1.Domain.Shared\AbpSolution1.Domain.Shared.csproj", "{42F719ED-8413-4895-B5B4-5AB56079BC66}"
EndProject
Project("{9A19103F-16F7-4668-BE54-9A1E7A4F7556}") = "AbpSolution1.Application.Contracts", "src\AbpSolution1.Application.Contracts\AbpSolution1.Application.Contracts.csproj", "{520659C8-C734-4298-A3DA-B539DB9DFC0B}"
EndProject
Project("{9A19103F-16F7-4668-BE54-9A1E7A4F7556}") = "AbpSolution1.HttpApi", "src\AbpSolution1.HttpApi\AbpSolution1.HttpApi.csproj", "{4164BDF7-F527-4E85-9CE6-E3C2D7426A27}"
EndProject
Project("{9A19103F-16F7-4668-BE54-9A1E7A4F7556}") = "AbpSolution1.HttpApi.Client", "src\AbpSolution1.HttpApi.Client\AbpSolution1.HttpApi.Client.csproj", "{3B5A0094-670D-4BB1-BFDD-61B88A8773DC}"
EndProject
Project("{9A19103F-16F7-4668-BE54-9A1E7A4F7556}") = "AbpSolution1.AuthServer", "src\AbpSolution1.AuthServer\AbpSolution1.AuthServer.csproj", "{073C361E-B8F4-49F5-93CC-72A3FF49C026}"
EndProject
Project("{9A19103F-16F7-4668-BE54-9A1E7A4F7556}") = "AbpSolution1.HttpApi.Host", "src\AbpSolution1.HttpApi.Host\AbpSolution1.HttpApi.Host.csproj", "{E6D5BF0E-DE92-4D82-A352-EF04B37CB11C}"
EndProject
Project("{9A19103F-16F7-4668-BE54-9A1E7A4F7556}") = "AbpSolution1.EntityFrameworkCore.Tests", "test\AbpSolution1.EntityFrameworkCore.Tests\AbpSolution1.EntityFrameworkCore.Tests.csproj", "{1FE30EB9-74A9-47F5-A9F6-7B1FAB672D81}"
EndProject
Project("{9A19103F-16F7-4668-BE54-9A1E7A4F7556}") = "AbpSolution1.TestBase", "test\AbpSolution1.TestBase\AbpSolution1.TestBase.csproj", "{91853F21-9CD9-4132-BC29-A7D5D84FFFE7}"
EndProject
Project("{9A19103F-16F7-4668-BE54-9A1E7A4F7556}") = "AbpSolution1.Domain.Tests", "test\AbpSolution1.Domain.Tests\AbpSolution1.Domain.Tests.csproj", "{E512F4D9-9375-480F-A2F6-A46509F9D824}"
EndProject
Project("{9A19103F-16F7-4668-BE54-9A1E7A4F7556}") = "AbpSolution1.HttpApi.Client.ConsoleTestApp", "test\AbpSolution1.HttpApi.Client.ConsoleTestApp\AbpSolution1.HttpApi.Client.ConsoleTestApp.csproj", "{EF480016-9127-4916-8735-D2466BDBC582}"
EndProject
Project("{9A19103F-16F7-4668-BE54-9A1E7A4F7556}") = "AbpSolution1.DbMigrator", "src\AbpSolution1.DbMigrator\AbpSolution1.DbMigrator.csproj", "{70680696-BB1E-4383-BCB2-42C3767171FB}"
EndProject
Project("{9A19103F-16F7-4668-BE54-9A1E7A4F7556}") = "AbpSolution1.Web.Public", "src\AbpSolution1.Web.Public\AbpSolution1.Web.Public.csproj", "{AD808A58-CAD9-4B9D-BBE1-2F612C24B583}"
EndProject
Project("{9A19103F-16F7-4668-BE54-9A1E7A4F7556}") = "AbpSolution1.Maui", "src\AbpSolution1.Maui\AbpSolution1.Maui.csproj", "{257BCCF2-E26D-4B21-8B7F-934F01521756}"
EndProject
Global
	GlobalSection(SolutionConfigurationPlatforms) = preSolution
		Debug|Any CPU = Debug|Any CPU
		Release|Any CPU = Release|Any CPU
	EndGlobalSection
	GlobalSection(ProjectConfigurationPlatforms) = postSolution
		{e8f91f36-2603-46c9-b32f-821e6d5f4dec}.Debug|Any CPU.ActiveCfg = Debug|Any CPU
		{e8f91f36-2603-46c9-b32f-821e6d5f4dec}.Debug|Any CPU.Build.0 = Debug|Any CPU
		{e8f91f36-2603-46c9-b32f-821e6d5f4dec}.Release|Any CPU.ActiveCfg = Release|Any CPU
		{e8f91f36-2603-46c9-b32f-821e6d5f4dec}.Release|Any CPU.Build.0 = Release|Any CPU
		{9447acaf-7ec3-4342-a0c6-3d262a68cbcc}.Debug|Any CPU.ActiveCfg = Debug|Any CPU
		{9447acaf-7ec3-4342-a0c6-3d262a68cbcc}.Debug|Any CPU.Build.0 = Debug|Any CPU
		{9447acaf-7ec3-4342-a0c6-3d262a68cbcc}.Release|Any CPU.ActiveCfg = Release|Any CPU
		{9447acaf-7ec3-4342-a0c6-3d262a68cbcc}.Release|Any CPU.Build.0 = Release|Any CPU
		{8bae2fc0-b4f8-4145-a625-2ebb6de5d909}.Debug|Any CPU.ActiveCfg = Debug|Any CPU
		{8bae2fc0-b4f8-4145-a625-2ebb6de5d909}.Debug|Any CPU.Build.0 = Debug|Any CPU
		{8bae2fc0-b4f8-4145-a625-2ebb6de5d909}.Release|Any CPU.ActiveCfg = Release|Any CPU
		{8bae2fc0-b4f8-4145-a625-2ebb6de5d909}.Release|Any CPU.Build.0 = Release|Any CPU
		{f17c8760-2b56-48c6-a347-38288fe0814c}.Debug|Any CPU.ActiveCfg = Debug|Any CPU
		{f17c8760-2b56-48c6-a347-38288fe0814c}.Debug|Any CPU.Build.0 = Debug|Any CPU
		{f17c8760-2b56-48c6-a347-38288fe0814c}.Release|Any CPU.ActiveCfg = Release|Any CPU
		{f17c8760-2b56-48c6-a347-38288fe0814c}.Release|Any CPU.Build.0 = Release|Any CPU
		{f36011c3-1948-4878-8b3a-54c5f29f9f1c}.Debug|Any CPU.ActiveCfg = Debug|Any CPU
		{f36011c3-1948-4878-8b3a-54c5f29f9f1c}.Debug|Any CPU.Build.0 = Debug|Any CPU
		{f36011c3-1948-4878-8b3a-54c5f29f9f1c}.Release|Any CPU.ActiveCfg = Release|Any CPU
		{f36011c3-1948-4878-8b3a-54c5f29f9f1c}.Release|Any CPU.Build.0 = Release|Any CPU
		{fd7fc6f6-2cbd-4ae3-ad7e-08747fb18863}.Debug|Any CPU.ActiveCfg = Debug|Any CPU
		{fd7fc6f6-2cbd-4ae3-ad7e-08747fb18863}.Debug|Any CPU.Build.0 = Debug|Any CPU
		{fd7fc6f6-2cbd-4ae3-ad7e-08747fb18863}.Release|Any CPU.ActiveCfg = Release|Any CPU
		{fd7fc6f6-2cbd-4ae3-ad7e-08747fb18863}.Release|Any CPU.Build.0 = Release|Any CPU
		{1478cfeb-6ef8-43e8-afa4-f81be363c33a}.Debug|Any CPU.ActiveCfg = Debug|Any CPU
		{1478cfeb-6ef8-43e8-afa4-f81be363c33a}.Debug|Any CPU.Build.0 = Debug|Any CPU
		{1478cfeb-6ef8-43e8-afa4-f81be363c33a}.Release|Any CPU.ActiveCfg = Release|Any CPU
		{1478cfeb-6ef8-43e8-afa4-f81be363c33a}.Release|Any CPU.Build.0 = Release|Any CPU
		{1bc562ce-f69d-4032-95a8-a9ae7d549622}.Debug|Any CPU.ActiveCfg = Debug|Any CPU
		{1bc562ce-f69d-4032-95a8-a9ae7d549622}.Debug|Any CPU.Build.0 = Debug|Any CPU
		{1bc562ce-f69d-4032-95a8-a9ae7d549622}.Release|Any CPU.ActiveCfg = Release|Any CPU
		{1bc562ce-f69d-4032-95a8-a9ae7d549622}.Release|Any CPU.Build.0 = Release|Any CPU
		{f690787b-8085-4ba4-8dbb-1b02dd0a3d6d}.Debug|Any CPU.ActiveCfg = Debug|Any CPU
		{f690787b-8085-4ba4-8dbb-1b02dd0a3d6d}.Debug|Any CPU.Build.0 = Debug|Any CPU
		{f690787b-8085-4ba4-8dbb-1b02dd0a3d6d}.Release|Any CPU.ActiveCfg = Release|Any CPU
		{f690787b-8085-4ba4-8dbb-1b02dd0a3d6d}.Release|Any CPU.Build.0 = Release|Any CPU
		{b2bbc569-a2a8-4ec0-bf9e-f6bd57d68d4e}.Debug|Any CPU.ActiveCfg = Debug|Any CPU
		{b2bbc569-a2a8-4ec0-bf9e-f6bd57d68d4e}.Debug|Any CPU.Build.0 = Debug|Any CPU
		{b2bbc569-a2a8-4ec0-bf9e-f6bd57d68d4e}.Release|Any CPU.ActiveCfg = Release|Any CPU
		{b2bbc569-a2a8-4ec0-bf9e-f6bd57d68d4e}.Release|Any CPU.Build.0 = Release|Any CPU
		{0f51957a-1f17-4583-95fd-b713b109e0bc}.Debug|Any CPU.ActiveCfg = Debug|Any CPU
		{0f51957a-1f17-4583-95fd-b713b109e0bc}.Debug|Any CPU.Build.0 = Debug|Any CPU
		{0f51957a-1f17-4583-95fd-b713b109e0bc}.Release|Any CPU.ActiveCfg = Release|Any CPU
		{0f51957a-1f17-4583-95fd-b713b109e0bc}.Release|Any CPU.Build.0 = Release|Any CPU
		{e60d8e5e-65dd-4885-9cad-860c8065f9a8}.Debug|Any CPU.ActiveCfg = Debug|Any CPU
		{e60d8e5e-65dd-4885-9cad-860c8065f9a8}.Debug|Any CPU.Build.0 = Debug|Any CPU
		{e60d8e5e-65dd-4885-9cad-860c8065f9a8}.Release|Any CPU.ActiveCfg = Release|Any CPU
		{e60d8e5e-65dd-4885-9cad-860c8065f9a8}.Release|Any CPU.Build.0 = Release|Any CPU
		{e22e7a3e-3e08-43f3-a083-10de85dcb937}.Debug|Any CPU.ActiveCfg = Debug|Any CPU
		{e22e7a3e-3e08-43f3-a083-10de85dcb937}.Debug|Any CPU.Build.0 = Debug|Any CPU
		{e22e7a3e-3e08-43f3-a083-10de85dcb937}.Release|Any CPU.ActiveCfg = Release|Any CPU
		{e22e7a3e-3e08-43f3-a083-10de85dcb937}.Release|Any CPU.Build.0 = Release|Any CPU
		{da07d1a9-f15a-4fbb-8622-ae58f85cb3f1}.Debug|Any CPU.ActiveCfg = Debug|Any CPU
		{da07d1a9-f15a-4fbb-8622-ae58f85cb3f1}.Debug|Any CPU.Build.0 = Debug|Any CPU
		{da07d1a9-f15a-4fbb-8622-ae58f85cb3f1}.Release|Any CPU.ActiveCfg = Release|Any CPU
		{da07d1a9-f15a-4fbb-8622-ae58f85cb3f1}.Release|Any CPU.Build.0 = Release|Any CPU
		{75a359d2-49c7-45d0-bff0-ba9f9e799c3a}.Debug|Any CPU.ActiveCfg = Debug|Any CPU
		{75a359d2-49c7-45d0-bff0-ba9f9e799c3a}.Debug|Any CPU.Build.0 = Debug|Any CPU
		{75a359d2-49c7-45d0-bff0-ba9f9e799c3a}.Release|Any CPU.ActiveCfg = Release|Any CPU
		{75a359d2-49c7-45d0-bff0-ba9f9e799c3a}.Release|Any CPU.Build.0 = Release|Any CPU
		{9eba5888-f8d8-4c85-8cfb-5562e6ebfdea}.Debug|Any CPU.ActiveCfg = Debug|Any CPU
		{9eba5888-f8d8-4c85-8cfb-5562e6ebfdea}.Debug|Any CPU.Build.0 = Debug|Any CPU
		{9eba5888-f8d8-4c85-8cfb-5562e6ebfdea}.Release|Any CPU.ActiveCfg = Release|Any CPU
		{9eba5888-f8d8-4c85-8cfb-5562e6ebfdea}.Release|Any CPU.Build.0 = Release|Any CPU
		{c8b1273a-79ca-4725-8d77-0682af57a1f8}.Debug|Any CPU.ActiveCfg = Debug|Any CPU
		{c8b1273a-79ca-4725-8d77-0682af57a1f8}.Debug|Any CPU.Build.0 = Debug|Any CPU
		{c8b1273a-79ca-4725-8d77-0682af57a1f8}.Release|Any CPU.ActiveCfg = Release|Any CPU
		{c8b1273a-79ca-4725-8d77-0682af57a1f8}.Release|Any CPU.Build.0 = Release|Any CPU
		{e1e00a9b-cec0-449d-b5dc-08fe65cc32aa}.Debug|Any CPU.ActiveCfg = Debug|Any CPU
		{e1e00a9b-cec0-449d-b5dc-08fe65cc32aa}.Debug|Any CPU.Build.0 = Debug|Any CPU
		{e1e00a9b-cec0-449d-b5dc-08fe65cc32aa}.Release|Any CPU.ActiveCfg = Release|Any CPU
		{e1e00a9b-cec0-449d-b5dc-08fe65cc32aa}.Release|Any CPU.Build.0 = Release|Any CPU
		{73b4763f-f470-4e97-9af7-ecb392a7ddcb}.Debug|Any CPU.ActiveCfg = Debug|Any CPU
		{73b4763f-f470-4e97-9af7-ecb392a7ddcb}.Debug|Any CPU.Build.0 = Debug|Any CPU
		{73b4763f-f470-4e97-9af7-ecb392a7ddcb}.Release|Any CPU.ActiveCfg = Release|Any CPU
		{73b4763f-f470-4e97-9af7-ecb392a7ddcb}.Release|Any CPU.Build.0 = Release|Any CPU
		{13e70e4b-b8cd-41e7-b037-25b9e433cfb6}.Debug|Any CPU.ActiveCfg = Debug|Any CPU
		{13e70e4b-b8cd-41e7-b037-25b9e433cfb6}.Debug|Any CPU.Build.0 = Debug|Any CPU
		{13e70e4b-b8cd-41e7-b037-25b9e433cfb6}.Release|Any CPU.ActiveCfg = Release|Any CPU
		{13e70e4b-b8cd-41e7-b037-25b9e433cfb6}.Release|Any CPU.Build.0 = Release|Any CPU
		{35ab9964-e8f1-4e58-a062-06f54247df27}.Debug|Any CPU.ActiveCfg = Debug|Any CPU
		{35ab9964-e8f1-4e58-a062-06f54247df27}.Debug|Any CPU.Build.0 = Debug|Any CPU
		{35ab9964-e8f1-4e58-a062-06f54247df27}.Release|Any CPU.ActiveCfg = Release|Any CPU
		{35ab9964-e8f1-4e58-a062-06f54247df27}.Release|Any CPU.Build.0 = Release|Any CPU
		{5dc65943-17a5-4fbe-aac2-409721b71187}.Debug|Any CPU.ActiveCfg = Debug|Any CPU
		{5dc65943-17a5-4fbe-aac2-409721b71187}.Debug|Any CPU.Build.0 = Debug|Any CPU
		{5dc65943-17a5-4fbe-aac2-409721b71187}.Release|Any CPU.ActiveCfg = Release|Any CPU
		{5dc65943-17a5-4fbe-aac2-409721b71187}.Release|Any CPU.Build.0 = Release|Any CPU
		{357184c0-b171-4f97-ac01-8b4f05f3b8ad}.Debug|Any CPU.ActiveCfg = Debug|Any CPU
		{357184c0-b171-4f97-ac01-8b4f05f3b8ad}.Debug|Any CPU.Build.0 = Debug|Any CPU
		{357184c0-b171-4f97-ac01-8b4f05f3b8ad}.Release|Any CPU.ActiveCfg = Release|Any CPU
		{357184c0-b171-4f97-ac01-8b4f05f3b8ad}.Release|Any CPU.Build.0 = Release|Any CPU
		{0a576554-61ca-4dd9-a3b5-186e606326e2}.Debug|Any CPU.ActiveCfg = Debug|Any CPU
		{0a576554-61ca-4dd9-a3b5-186e606326e2}.Debug|Any CPU.Build.0 = Debug|Any CPU
		{0a576554-61ca-4dd9-a3b5-186e606326e2}.Release|Any CPU.ActiveCfg = Release|Any CPU
		{0a576554-61ca-4dd9-a3b5-186e606326e2}.Release|Any CPU.Build.0 = Release|Any CPU
		{320b79ff-6772-4ae2-a2cd-1f0ea565c1cb}.Debug|Any CPU.ActiveCfg = Debug|Any CPU
		{320b79ff-6772-4ae2-a2cd-1f0ea565c1cb}.Debug|Any CPU.Build.0 = Debug|Any CPU
		{320b79ff-6772-4ae2-a2cd-1f0ea565c1cb}.Release|Any CPU.ActiveCfg = Release|Any CPU
		{320b79ff-6772-4ae2-a2cd-1f0ea565c1cb}.Release|Any CPU.Build.0 = Release|Any CPU
		{e143d9fb-9677-45eb-8217-ba137d96d0ba}.Debug|Any CPU.ActiveCfg = Debug|Any CPU
		{e143d9fb-9677-45eb-8217-ba137d96d0ba}.Debug|Any CPU.Build.0 = Debug|Any CPU
		{e143d9fb-9677-45eb-8217-ba137d96d0ba}.Release|Any CPU.ActiveCfg = Release|Any CPU
		{e143d9fb-9677-45eb-8217-ba137d96d0ba}.Release|Any CPU.Build.0 = Release|Any CPU
		{79fbd4cc-f8eb-4b21-9e25-0eed655a5911}.Debug|Any CPU.ActiveCfg = Debug|Any CPU
		{79fbd4cc-f8eb-4b21-9e25-0eed655a5911}.Debug|Any CPU.Build.0 = Debug|Any CPU
		{79fbd4cc-f8eb-4b21-9e25-0eed655a5911}.Release|Any CPU.ActiveCfg = Release|Any CPU
		{79fbd4cc-f8eb-4b21-9e25-0eed655a5911}.Release|Any CPU.Build.0 = Release|Any CPU
		{0b39fb3e-3979-4394-a202-ba293f260281}.Debug|Any CPU.ActiveCfg = Debug|Any CPU
		{0b39fb3e-3979-4394-a202-ba293f260281}.Debug|Any CPU.Build.0 = Debug|Any CPU
		{0b39fb3e-3979-4394-a202-ba293f260281}.Release|Any CPU.ActiveCfg = Release|Any CPU
		{0b39fb3e-3979-4394-a202-ba293f260281}.Release|Any CPU.Build.0 = Release|Any CPU
		{666b52a7-96aa-4d91-8b30-1593cca53e5b}.Debug|Any CPU.ActiveCfg = Debug|Any CPU
		{666b52a7-96aa-4d91-8b30-1593cca53e5b}.Debug|Any CPU.Build.0 = Debug|Any CPU
		{666b52a7-96aa-4d91-8b30-1593cca53e5b}.Release|Any CPU.ActiveCfg = Release|Any CPU
		{666b52a7-96aa-4d91-8b30-1593cca53e5b}.Release|Any CPU.Build.0 = Release|Any CPU
		{23584bd1-fd30-4acb-94f3-a0d2e4c1f15d}.Debug|Any CPU.ActiveCfg = Debug|Any CPU
		{23584bd1-fd30-4acb-94f3-a0d2e4c1f15d}.Debug|Any CPU.Build.0 = Debug|Any CPU
		{23584bd1-fd30-4acb-94f3-a0d2e4c1f15d}.Release|Any CPU.ActiveCfg = Release|Any CPU
		{23584bd1-fd30-4acb-94f3-a0d2e4c1f15d}.Release|Any CPU.Build.0 = Release|Any CPU
		{6117fbbd-4c4b-4997-9899-982af8dcdc84}.Debug|Any CPU.ActiveCfg = Debug|Any CPU
		{6117fbbd-4c4b-4997-9899-982af8dcdc84}.Debug|Any CPU.Build.0 = Debug|Any CPU
		{6117fbbd-4c4b-4997-9899-982af8dcdc84}.Release|Any CPU.ActiveCfg = Release|Any CPU
		{6117fbbd-4c4b-4997-9899-982af8dcdc84}.Release|Any CPU.Build.0 = Release|Any CPU
		{83094642-f265-4d27-9fdf-0e5ce7b9052b}.Debug|Any CPU.ActiveCfg = Debug|Any CPU
		{83094642-f265-4d27-9fdf-0e5ce7b9052b}.Debug|Any CPU.Build.0 = Debug|Any CPU
		{83094642-f265-4d27-9fdf-0e5ce7b9052b}.Release|Any CPU.ActiveCfg = Release|Any CPU
		{83094642-f265-4d27-9fdf-0e5ce7b9052b}.Release|Any CPU.Build.0 = Release|Any CPU
		{c132d250-35e0-410c-9110-b383afa706a2}.Debug|Any CPU.ActiveCfg = Debug|Any CPU
		{c132d250-35e0-410c-9110-b383afa706a2}.Debug|Any CPU.Build.0 = Debug|Any CPU
		{c132d250-35e0-410c-9110-b383afa706a2}.Release|Any CPU.ActiveCfg = Release|Any CPU
		{c132d250-35e0-410c-9110-b383afa706a2}.Release|Any CPU.Build.0 = Release|Any CPU
		{83ba08fa-77c5-4ffe-8af2-f544aeff9103}.Debug|Any CPU.ActiveCfg = Debug|Any CPU
		{83ba08fa-77c5-4ffe-8af2-f544aeff9103}.Debug|Any CPU.Build.0 = Debug|Any CPU
		{83ba08fa-77c5-4ffe-8af2-f544aeff9103}.Release|Any CPU.ActiveCfg = Release|Any CPU
		{83ba08fa-77c5-4ffe-8af2-f544aeff9103}.Release|Any CPU.Build.0 = Release|Any CPU
		{94780abc-b41b-4ecc-97bd-a3c1315aad7e}.Debug|Any CPU.ActiveCfg = Debug|Any CPU
		{94780abc-b41b-4ecc-97bd-a3c1315aad7e}.Debug|Any CPU.Build.0 = Debug|Any CPU
		{94780abc-b41b-4ecc-97bd-a3c1315aad7e}.Release|Any CPU.ActiveCfg = Release|Any CPU
		{94780abc-b41b-4ecc-97bd-a3c1315aad7e}.Release|Any CPU.Build.0 = Release|Any CPU
		{8e414ec8-3eb5-4a0b-ac8d-7d5373a8ebc0}.Debug|Any CPU.ActiveCfg = Debug|Any CPU
		{8e414ec8-3eb5-4a0b-ac8d-7d5373a8ebc0}.Debug|Any CPU.Build.0 = Debug|Any CPU
		{8e414ec8-3eb5-4a0b-ac8d-7d5373a8ebc0}.Release|Any CPU.ActiveCfg = Release|Any CPU
		{8e414ec8-3eb5-4a0b-ac8d-7d5373a8ebc0}.Release|Any CPU.Build.0 = Release|Any CPU
		{100ef12c-b642-44f3-b6f1-ce2228f8216a}.Debug|Any CPU.ActiveCfg = Debug|Any CPU
		{100ef12c-b642-44f3-b6f1-ce2228f8216a}.Debug|Any CPU.Build.0 = Debug|Any CPU
		{100ef12c-b642-44f3-b6f1-ce2228f8216a}.Release|Any CPU.ActiveCfg = Release|Any CPU
		{100ef12c-b642-44f3-b6f1-ce2228f8216a}.Release|Any CPU.Build.0 = Release|Any CPU
		{052eed77-0262-4887-96bf-9a2c6a4d3be9}.Debug|Any CPU.ActiveCfg = Debug|Any CPU
		{052eed77-0262-4887-96bf-9a2c6a4d3be9}.Debug|Any CPU.Build.0 = Debug|Any CPU
		{052eed77-0262-4887-96bf-9a2c6a4d3be9}.Release|Any CPU.ActiveCfg = Release|Any CPU
		{052eed77-0262-4887-96bf-9a2c6a4d3be9}.Release|Any CPU.Build.0 = Release|Any CPU
		{63937193-8af6-4fc4-b9c5-5c3fd8279731}.Debug|Any CPU.ActiveCfg = Debug|Any CPU
		{63937193-8af6-4fc4-b9c5-5c3fd8279731}.Debug|Any CPU.Build.0 = Debug|Any CPU
		{63937193-8af6-4fc4-b9c5-5c3fd8279731}.Release|Any CPU.ActiveCfg = Release|Any CPU
		{63937193-8af6-4fc4-b9c5-5c3fd8279731}.Release|Any CPU.Build.0 = Release|Any CPU
		{cd76e20e-8d27-4fb7-b9f0-9abee10ef0ce}.Debug|Any CPU.ActiveCfg = Debug|Any CPU
		{cd76e20e-8d27-4fb7-b9f0-9abee10ef0ce}.Debug|Any CPU.Build.0 = Debug|Any CPU
		{cd76e20e-8d27-4fb7-b9f0-9abee10ef0ce}.Release|Any CPU.ActiveCfg = Release|Any CPU
		{cd76e20e-8d27-4fb7-b9f0-9abee10ef0ce}.Release|Any CPU.Build.0 = Release|Any CPU
		{e434dd1f-9d12-4f4a-a37b-999bf81d6bb7}.Debug|Any CPU.ActiveCfg = Debug|Any CPU
		{e434dd1f-9d12-4f4a-a37b-999bf81d6bb7}.Debug|Any CPU.Build.0 = Debug|Any CPU
		{e434dd1f-9d12-4f4a-a37b-999bf81d6bb7}.Release|Any CPU.ActiveCfg = Release|Any CPU
		{e434dd1f-9d12-4f4a-a37b-999bf81d6bb7}.Release|Any CPU.Build.0 = Release|Any CPU
		{636ea2ee-fdc0-4175-a92b-f0264d41f333}.Debug|Any CPU.ActiveCfg = Debug|Any CPU
		{636ea2ee-fdc0-4175-a92b-f0264d41f333}.Debug|Any CPU.Build.0 = Debug|Any CPU
		{636ea2ee-fdc0-4175-a92b-f0264d41f333}.Release|Any CPU.ActiveCfg = Release|Any CPU
		{636ea2ee-fdc0-4175-a92b-f0264d41f333}.Release|Any CPU.Build.0 = Release|Any CPU
		{a86ff9ec-d0ef-422e-a765-e0b9854d6b6b}.Debug|Any CPU.ActiveCfg = Debug|Any CPU
		{a86ff9ec-d0ef-422e-a765-e0b9854d6b6b}.Debug|Any CPU.Build.0 = Debug|Any CPU
		{a86ff9ec-d0ef-422e-a765-e0b9854d6b6b}.Release|Any CPU.ActiveCfg = Release|Any CPU
		{a86ff9ec-d0ef-422e-a765-e0b9854d6b6b}.Release|Any CPU.Build.0 = Release|Any CPU
		{f0e0293c-8307-4528-8dab-c5bb87bdb94c}.Debug|Any CPU.ActiveCfg = Debug|Any CPU
		{f0e0293c-8307-4528-8dab-c5bb87bdb94c}.Debug|Any CPU.Build.0 = Debug|Any CPU
		{f0e0293c-8307-4528-8dab-c5bb87bdb94c}.Release|Any CPU.ActiveCfg = Release|Any CPU
		{f0e0293c-8307-4528-8dab-c5bb87bdb94c}.Release|Any CPU.Build.0 = Release|Any CPU
		{ea1efbb5-8e97-4423-aaea-3bbb8d42a312}.Debug|Any CPU.ActiveCfg = Debug|Any CPU
		{ea1efbb5-8e97-4423-aaea-3bbb8d42a312}.Debug|Any CPU.Build.0 = Debug|Any CPU
		{ea1efbb5-8e97-4423-aaea-3bbb8d42a312}.Release|Any CPU.ActiveCfg = Release|Any CPU
		{ea1efbb5-8e97-4423-aaea-3bbb8d42a312}.Release|Any CPU.Build.0 = Release|Any CPU
		{454ef4cd-2112-421a-9453-8acded6ee63a}.Debug|Any CPU.ActiveCfg = Debug|Any CPU
		{454ef4cd-2112-421a-9453-8acded6ee63a}.Debug|Any CPU.Build.0 = Debug|Any CPU
		{454ef4cd-2112-421a-9453-8acded6ee63a}.Release|Any CPU.ActiveCfg = Release|Any CPU
		{454ef4cd-2112-421a-9453-8acded6ee63a}.Release|Any CPU.Build.0 = Release|Any CPU
		{b4b560eb-ce4e-4e42-8a12-4f380b0c2a27}.Debug|Any CPU.ActiveCfg = Debug|Any CPU
		{b4b560eb-ce4e-4e42-8a12-4f380b0c2a27}.Debug|Any CPU.Build.0 = Debug|Any CPU
		{b4b560eb-ce4e-4e42-8a12-4f380b0c2a27}.Release|Any CPU.ActiveCfg = Release|Any CPU
		{b4b560eb-ce4e-4e42-8a12-4f380b0c2a27}.Release|Any CPU.Build.0 = Release|Any CPU
		{39cf93b7-162f-46d4-8d8c-f3ae3a525934}.Debug|Any CPU.ActiveCfg = Debug|Any CPU
		{39cf93b7-162f-46d4-8d8c-f3ae3a525934}.Debug|Any CPU.Build.0 = Debug|Any CPU
		{39cf93b7-162f-46d4-8d8c-f3ae3a525934}.Release|Any CPU.ActiveCfg = Release|Any CPU
		{39cf93b7-162f-46d4-8d8c-f3ae3a525934}.Release|Any CPU.Build.0 = Release|Any CPU
		{554AD327-6DBA-4F8F-96F8-81CE7A0C863F}.Debug|Any CPU.ActiveCfg = Debug|Any CPU
		{554AD327-6DBA-4F8F-96F8-81CE7A0C863F}.Debug|Any CPU.Build.0 = Debug|Any CPU
		{554AD327-6DBA-4F8F-96F8-81CE7A0C863F}.Release|Any CPU.ActiveCfg = Release|Any CPU
		{554AD327-6DBA-4F8F-96F8-81CE7A0C863F}.Release|Any CPU.Build.0 = Release|Any CPU
		{1A94A50E-06DC-43C1-80B5-B662820EC3EB}.Debug|Any CPU.ActiveCfg = Debug|Any CPU
		{1A94A50E-06DC-43C1-80B5-B662820EC3EB}.Debug|Any CPU.Build.0 = Debug|Any CPU
		{1A94A50E-06DC-43C1-80B5-B662820EC3EB}.Release|Any CPU.ActiveCfg = Release|Any CPU
		{1A94A50E-06DC-43C1-80B5-B662820EC3EB}.Release|Any CPU.Build.0 = Release|Any CPU
		{C956DD76-69C8-4A9C-83EA-D17DF83340FD}.Debug|Any CPU.ActiveCfg = Debug|Any CPU
		{C956DD76-69C8-4A9C-83EA-D17DF83340FD}.Debug|Any CPU.Build.0 = Debug|Any CPU
		{C956DD76-69C8-4A9C-83EA-D17DF83340FD}.Release|Any CPU.ActiveCfg = Release|Any CPU
		{C956DD76-69C8-4A9C-83EA-D17DF83340FD}.Release|Any CPU.Build.0 = Release|Any CPU
		{50B2631D-129C-47B3-A587-029CCD6099BC}.Debug|Any CPU.ActiveCfg = Debug|Any CPU
		{50B2631D-129C-47B3-A587-029CCD6099BC}.Debug|Any CPU.Build.0 = Debug|Any CPU
		{50B2631D-129C-47B3-A587-029CCD6099BC}.Release|Any CPU.ActiveCfg = Release|Any CPU
		{50B2631D-129C-47B3-A587-029CCD6099BC}.Release|Any CPU.Build.0 = Release|Any CPU
		{42F719ED-8413-4895-B5B4-5AB56079BC66}.Debug|Any CPU.ActiveCfg = Debug|Any CPU
		{42F719ED-8413-4895-B5B4-5AB56079BC66}.Debug|Any CPU.Build.0 = Debug|Any CPU
		{42F719ED-8413-4895-B5B4-5AB56079BC66}.Release|Any CPU.ActiveCfg = Release|Any CPU
		{42F719ED-8413-4895-B5B4-5AB56079BC66}.Release|Any CPU.Build.0 = Release|Any CPU
		{520659C8-C734-4298-A3DA-B539DB9DFC0B}.Debug|Any CPU.ActiveCfg = Debug|Any CPU
		{520659C8-C734-4298-A3DA-B539DB9DFC0B}.Debug|Any CPU.Build.0 = Debug|Any CPU
		{520659C8-C734-4298-A3DA-B539DB9DFC0B}.Release|Any CPU.ActiveCfg = Release|Any CPU
		{520659C8-C734-4298-A3DA-B539DB9DFC0B}.Release|Any CPU.Build.0 = Release|Any CPU
		{4164BDF7-F527-4E85-9CE6-E3C2D7426A27}.Debug|Any CPU.ActiveCfg = Debug|Any CPU
		{4164BDF7-F527-4E85-9CE6-E3C2D7426A27}.Debug|Any CPU.Build.0 = Debug|Any CPU
		{4164BDF7-F527-4E85-9CE6-E3C2D7426A27}.Release|Any CPU.ActiveCfg = Release|Any CPU
		{4164BDF7-F527-4E85-9CE6-E3C2D7426A27}.Release|Any CPU.Build.0 = Release|Any CPU
		{3B5A0094-670D-4BB1-BFDD-61B88A8773DC}.Debug|Any CPU.ActiveCfg = Debug|Any CPU
		{3B5A0094-670D-4BB1-BFDD-61B88A8773DC}.Debug|Any CPU.Build.0 = Debug|Any CPU
		{3B5A0094-670D-4BB1-BFDD-61B88A8773DC}.Release|Any CPU.ActiveCfg = Release|Any CPU
		{3B5A0094-670D-4BB1-BFDD-61B88A8773DC}.Release|Any CPU.Build.0 = Release|Any CPU
		{073C361E-B8F4-49F5-93CC-72A3FF49C026}.Debug|Any CPU.ActiveCfg = Debug|Any CPU
		{073C361E-B8F4-49F5-93CC-72A3FF49C026}.Debug|Any CPU.Build.0 = Debug|Any CPU
		{073C361E-B8F4-49F5-93CC-72A3FF49C026}.Release|Any CPU.ActiveCfg = Release|Any CPU
		{073C361E-B8F4-49F5-93CC-72A3FF49C026}.Release|Any CPU.Build.0 = Release|Any CPU
		{E6D5BF0E-DE92-4D82-A352-EF04B37CB11C}.Debug|Any CPU.ActiveCfg = Debug|Any CPU
		{E6D5BF0E-DE92-4D82-A352-EF04B37CB11C}.Debug|Any CPU.Build.0 = Debug|Any CPU
		{E6D5BF0E-DE92-4D82-A352-EF04B37CB11C}.Release|Any CPU.ActiveCfg = Release|Any CPU
		{E6D5BF0E-DE92-4D82-A352-EF04B37CB11C}.Release|Any CPU.Build.0 = Release|Any CPU
		{1FE30EB9-74A9-47F5-A9F6-7B1FAB672D81}.Debug|Any CPU.ActiveCfg = Debug|Any CPU
		{1FE30EB9-74A9-47F5-A9F6-7B1FAB672D81}.Debug|Any CPU.Build.0 = Debug|Any CPU
		{1FE30EB9-74A9-47F5-A9F6-7B1FAB672D81}.Release|Any CPU.ActiveCfg = Release|Any CPU
		{1FE30EB9-74A9-47F5-A9F6-7B1FAB672D81}.Release|Any CPU.Build.0 = Release|Any CPU
		{91853F21-9CD9-4132-BC29-A7D5D84FFFE7}.Debug|Any CPU.ActiveCfg = Debug|Any CPU
		{91853F21-9CD9-4132-BC29-A7D5D84FFFE7}.Debug|Any CPU.Build.0 = Debug|Any CPU
		{91853F21-9CD9-4132-BC29-A7D5D84FFFE7}.Release|Any CPU.ActiveCfg = Release|Any CPU
		{91853F21-9CD9-4132-BC29-A7D5D84FFFE7}.Release|Any CPU.Build.0 = Release|Any CPU
		{E512F4D9-9375-480F-A2F6-A46509F9D824}.Debug|Any CPU.ActiveCfg = Debug|Any CPU
		{E512F4D9-9375-480F-A2F6-A46509F9D824}.Debug|Any CPU.Build.0 = Debug|Any CPU
		{E512F4D9-9375-480F-A2F6-A46509F9D824}.Release|Any CPU.ActiveCfg = Release|Any CPU
		{E512F4D9-9375-480F-A2F6-A46509F9D824}.Release|Any CPU.Build.0 = Release|Any CPU
		{EF480016-9127-4916-8735-D2466BDBC582}.Debug|Any CPU.ActiveCfg = Debug|Any CPU
		{EF480016-9127-4916-8735-D2466BDBC582}.Debug|Any CPU.Build.0 = Debug|Any CPU
		{EF480016-9127-4916-8735-D2466BDBC582}.Release|Any CPU.ActiveCfg = Release|Any CPU
		{EF480016-9127-4916-8735-D2466BDBC582}.Release|Any CPU.Build.0 = Release|Any CPU
		{70680696-BB1E-4383-BCB2-42C3767171FB}.Debug|Any CPU.ActiveCfg = Debug|Any CPU
		{70680696-BB1E-4383-BCB2-42C3767171FB}.Debug|Any CPU.Build.0 = Debug|Any CPU
		{70680696-BB1E-4383-BCB2-42C3767171FB}.Release|Any CPU.ActiveCfg = Release|Any CPU
		{70680696-BB1E-4383-BCB2-42C3767171FB}.Release|Any CPU.Build.0 = Release|Any CPU
		{AD808A58-CAD9-4B9D-BBE1-2F612C24B583}.Debug|Any CPU.ActiveCfg = Debug|Any CPU
		{AD808A58-CAD9-4B9D-BBE1-2F612C24B583}.Debug|Any CPU.Build.0 = Debug|Any CPU
		{AD808A58-CAD9-4B9D-BBE1-2F612C24B583}.Release|Any CPU.ActiveCfg = Release|Any CPU
		{AD808A58-CAD9-4B9D-BBE1-2F612C24B583}.Release|Any CPU.Build.0 = Release|Any CPU
		{257BCCF2-E26D-4B21-8B7F-934F01521756}.Debug|Any CPU.ActiveCfg = Debug|Any CPU
		{257BCCF2-E26D-4B21-8B7F-934F01521756}.Debug|Any CPU.Build.0 = Debug|Any CPU
		{257BCCF2-E26D-4B21-8B7F-934F01521756}.Debug|Any CPU.Deploy.0 = Debug|Any CPU
		{257BCCF2-E26D-4B21-8B7F-934F01521756}.Release|Any CPU.ActiveCfg = Release|Any CPU
		{257BCCF2-E26D-4B21-8B7F-934F01521756}.Release|Any CPU.Build.0 = Release|Any CPU
	EndGlobalSection
	GlobalSection(SolutionProperties) = preSolution
		HideSolutionNode = FALSE
	EndGlobalSection
	GlobalSection(NestedProjects) = preSolution
		{e8f91f36-2603-46c9-b32f-821e6d5f4dec} = {436c72c3-0318-4dd7-9563-8195bb323623}
		{9447acaf-7ec3-4342-a0c6-3d262a68cbcc} = {436c72c3-0318-4dd7-9563-8195bb323623}
		{8bae2fc0-b4f8-4145-a625-2ebb6de5d909} = {436c72c3-0318-4dd7-9563-8195bb323623}
		{f17c8760-2b56-48c6-a347-38288fe0814c} = {436c72c3-0318-4dd7-9563-8195bb323623}
		{f36011c3-1948-4878-8b3a-54c5f29f9f1c} = {436c72c3-0318-4dd7-9563-8195bb323623}
		{fd7fc6f6-2cbd-4ae3-ad7e-08747fb18863} = {e762f3bd-195d-43f7-ae45-d89df8ce972f}
		{1478cfeb-6ef8-43e8-afa4-f81be363c33a} = {e762f3bd-195d-43f7-ae45-d89df8ce972f}
		{1bc562ce-f69d-4032-95a8-a9ae7d549622} = {e762f3bd-195d-43f7-ae45-d89df8ce972f}
		{f690787b-8085-4ba4-8dbb-1b02dd0a3d6d} = {e762f3bd-195d-43f7-ae45-d89df8ce972f}
		{b2bbc569-a2a8-4ec0-bf9e-f6bd57d68d4e} = {e762f3bd-195d-43f7-ae45-d89df8ce972f}
		{0f51957a-1f17-4583-95fd-b713b109e0bc} = {e762f3bd-195d-43f7-ae45-d89df8ce972f}
		{e60d8e5e-65dd-4885-9cad-860c8065f9a8} = {e762f3bd-195d-43f7-ae45-d89df8ce972f}
		{e22e7a3e-3e08-43f3-a083-10de85dcb937} = {e762f3bd-195d-43f7-ae45-d89df8ce972f}
		{da07d1a9-f15a-4fbb-8622-ae58f85cb3f1} = {e762f3bd-195d-43f7-ae45-d89df8ce972f}
		{75a359d2-49c7-45d0-bff0-ba9f9e799c3a} = {e762f3bd-195d-43f7-ae45-d89df8ce972f}
		{9eba5888-f8d8-4c85-8cfb-5562e6ebfdea} = {e762f3bd-195d-43f7-ae45-d89df8ce972f}
		{c8b1273a-79ca-4725-8d77-0682af57a1f8} = {e762f3bd-195d-43f7-ae45-d89df8ce972f}
		{436c72c3-0318-4dd7-9563-8195bb323623} = {04DBDB01-70F4-4E06-B468-8F87850B22BE}
		{e762f3bd-195d-43f7-ae45-d89df8ce972f} = {b89911da-9372-4b16-a456-dffdb361f26e}
		{e1e00a9b-cec0-449d-b5dc-08fe65cc32aa} = {6993f8dc-9b8c-4240-9238-20a5e71cfe54}
		{73b4763f-f470-4e97-9af7-ecb392a7ddcb} = {9b82a892-4f11-445a-9dc6-10a52728acf4}
		{13e70e4b-b8cd-41e7-b037-25b9e433cfb6} = {9b82a892-4f11-445a-9dc6-10a52728acf4}
		{35ab9964-e8f1-4e58-a062-06f54247df27} = {9b82a892-4f11-445a-9dc6-10a52728acf4}
		{5dc65943-17a5-4fbe-aac2-409721b71187} = {9b82a892-4f11-445a-9dc6-10a52728acf4}
		{357184c0-b171-4f97-ac01-8b4f05f3b8ad} = {9b82a892-4f11-445a-9dc6-10a52728acf4}
		{0a576554-61ca-4dd9-a3b5-186e606326e2} = {9b82a892-4f11-445a-9dc6-10a52728acf4}
		{320b79ff-6772-4ae2-a2cd-1f0ea565c1cb} = {9b82a892-4f11-445a-9dc6-10a52728acf4}
		{6993f8dc-9b8c-4240-9238-20a5e71cfe54} = {04DBDB01-70F4-4E06-B468-8F87850B22BE}
		{9b82a892-4f11-445a-9dc6-10a52728acf4} = {b89911da-9372-4b16-a456-dffdb361f26e}
		{e143d9fb-9677-45eb-8217-ba137d96d0ba} = {d0f739e3-2a2f-4268-ad66-bb8bdfc5b167}
		{79fbd4cc-f8eb-4b21-9e25-0eed655a5911} = {5441e976-d177-4a1c-998f-5d44e9358019}
		{0b39fb3e-3979-4394-a202-ba293f260281} = {5441e976-d177-4a1c-998f-5d44e9358019}
		{666b52a7-96aa-4d91-8b30-1593cca53e5b} = {5441e976-d177-4a1c-998f-5d44e9358019}
		{23584bd1-fd30-4acb-94f3-a0d2e4c1f15d} = {5441e976-d177-4a1c-998f-5d44e9358019}
		{6117fbbd-4c4b-4997-9899-982af8dcdc84} = {5441e976-d177-4a1c-998f-5d44e9358019}
		{83094642-f265-4d27-9fdf-0e5ce7b9052b} = {5441e976-d177-4a1c-998f-5d44e9358019}
		{c132d250-35e0-410c-9110-b383afa706a2} = {5441e976-d177-4a1c-998f-5d44e9358019}
		{83ba08fa-77c5-4ffe-8af2-f544aeff9103} = {5441e976-d177-4a1c-998f-5d44e9358019}
		{94780abc-b41b-4ecc-97bd-a3c1315aad7e} = {5441e976-d177-4a1c-998f-5d44e9358019}
		{8e414ec8-3eb5-4a0b-ac8d-7d5373a8ebc0} = {5441e976-d177-4a1c-998f-5d44e9358019}
		{100ef12c-b642-44f3-b6f1-ce2228f8216a} = {5441e976-d177-4a1c-998f-5d44e9358019}
		{052eed77-0262-4887-96bf-9a2c6a4d3be9} = {5441e976-d177-4a1c-998f-5d44e9358019}
		{63937193-8af6-4fc4-b9c5-5c3fd8279731} = {5441e976-d177-4a1c-998f-5d44e9358019}
		{cd76e20e-8d27-4fb7-b9f0-9abee10ef0ce} = {5441e976-d177-4a1c-998f-5d44e9358019}
		{e434dd1f-9d12-4f4a-a37b-999bf81d6bb7} = {5441e976-d177-4a1c-998f-5d44e9358019}
		{636ea2ee-fdc0-4175-a92b-f0264d41f333} = {5441e976-d177-4a1c-998f-5d44e9358019}
		{a86ff9ec-d0ef-422e-a765-e0b9854d6b6b} = {5441e976-d177-4a1c-998f-5d44e9358019}
		{f0e0293c-8307-4528-8dab-c5bb87bdb94c} = {5441e976-d177-4a1c-998f-5d44e9358019}
		{ea1efbb5-8e97-4423-aaea-3bbb8d42a312} = {5441e976-d177-4a1c-998f-5d44e9358019}
		{454ef4cd-2112-421a-9453-8acded6ee63a} = {5441e976-d177-4a1c-998f-5d44e9358019}
		{b4b560eb-ce4e-4e42-8a12-4f380b0c2a27} = {5441e976-d177-4a1c-998f-5d44e9358019}
		{39cf93b7-162f-46d4-8d8c-f3ae3a525934} = {5441e976-d177-4a1c-998f-5d44e9358019}
		{d0f739e3-2a2f-4268-ad66-bb8bdfc5b167} = {04DBDB01-70F4-4E06-B468-8F87850B22BE}
		{5441e976-d177-4a1c-998f-5d44e9358019} = {b89911da-9372-4b16-a456-dffdb361f26e}
		{554AD327-6DBA-4F8F-96F8-81CE7A0C863F} = {CA9AC87F-097E-4F15-8393-4BC07735A5B0}
		{1A94A50E-06DC-43C1-80B5-B662820EC3EB} = {CA9AC87F-097E-4F15-8393-4BC07735A5B0}
		{C956DD76-69C8-4A9C-83EA-D17DF83340FD} = {CA9AC87F-097E-4F15-8393-4BC07735A5B0}
		{50B2631D-129C-47B3-A587-029CCD6099BC} = {04DBDB01-70F4-4E06-B468-8F87850B22BE}
		{42F719ED-8413-4895-B5B4-5AB56079BC66} = {CA9AC87F-097E-4F15-8393-4BC07735A5B0}
		{520659C8-C734-4298-A3DA-B539DB9DFC0B} = {CA9AC87F-097E-4F15-8393-4BC07735A5B0}
		{4164BDF7-F527-4E85-9CE6-E3C2D7426A27} = {CA9AC87F-097E-4F15-8393-4BC07735A5B0}
		{3B5A0094-670D-4BB1-BFDD-61B88A8773DC} = {CA9AC87F-097E-4F15-8393-4BC07735A5B0}
		{073C361E-B8F4-49F5-93CC-72A3FF49C026} = {CA9AC87F-097E-4F15-8393-4BC07735A5B0}
		{E6D5BF0E-DE92-4D82-A352-EF04B37CB11C} = {CA9AC87F-097E-4F15-8393-4BC07735A5B0}
		{1FE30EB9-74A9-47F5-A9F6-7B1FAB672D81} = {04DBDB01-70F4-4E06-B468-8F87850B22BE}
		{91853F21-9CD9-4132-BC29-A7D5D84FFFE7} = {04DBDB01-70F4-4E06-B468-8F87850B22BE}
		{E512F4D9-9375-480F-A2F6-A46509F9D824} = {04DBDB01-70F4-4E06-B468-8F87850B22BE}
		{EF480016-9127-4916-8735-D2466BDBC582} = {04DBDB01-70F4-4E06-B468-8F87850B22BE}
		{70680696-BB1E-4383-BCB2-42C3767171FB} = {CA9AC87F-097E-4F15-8393-4BC07735A5B0}
		{AD808A58-CAD9-4B9D-BBE1-2F612C24B583} = {CA9AC87F-097E-4F15-8393-4BC07735A5B0}
		{257BCCF2-E26D-4B21-8B7F-934F01521756} = {CA9AC87F-097E-4F15-8393-4BC07735A5B0}
	EndGlobalSection
	GlobalSection(ExtensibilityGlobals) = postSolution
		SolutionGuid = {28315BFD-90E7-4E14-A2EA-F3D23AF4126F}
	EndGlobalSection
EndGlobal
